PODS:
  - Alamofire (4.4.0)
  - Eureka (2.0.1)
  - SVWebViewController (1.0)
  - SwiftyJSON (3.1.4)

DEPENDENCIES:
  - Alamofire
  - Eureka (~> 2.0)
  - SVWebViewController (from `https://github.com/TransitApp/SVWebViewController`)
  - SwiftyJSON

EXTERNAL SOURCES:
  SVWebViewController:
    :git: https://github.com/TransitApp/SVWebViewController

CHECKOUT OPTIONS:
  SVWebViewController:
    :commit: 9abad6b852b6c2ad19bb3c28532cce53719e2a7f
    :git: https://github.com/TransitApp/SVWebViewController

SPEC CHECKSUMS:
  Alamofire: dc44b1600b800eb63da6a19039a0083d62a6a62d
  Eureka: ae837bb1dfae0c07bc1bda7aeef87876eeb537c2
  SVWebViewController: aa2e18a41ff5f45be7aeec8e92ca5bcc50b5ebb1
  SwiftyJSON: c2842d878f95482ffceec5709abc3d05680c0220

PODFILE CHECKSUM: 9888c61bb0f8ef4602d22744bf1a21a3c4bd3e33

COCOAPODS: 1.2.0.beta.1
